// !$*UTF8*$!
{
	archiveVersion = 1;
	classes = {
	};
	objectVersion = 46;
	objects = {

/* Begin PBXBuildFile section */
		0A0A9019156387F1005E804D /* scroll-wheel.png in Resources */ = {isa = PBXBuildFile; fileRef = 0A0A9018156387F1005E804D /* scroll-wheel.png */; };
		0A0A901B1563880E005E804D /* ipod-body.png in Resources */ = {isa = PBXBuildFile; fileRef = 0A0A901A1563880E005E804D /* ipod-body.png */; };
		0A0CB3EA1554A2F2009D5924 /* ICNowPlayingView.m in Sources */ = {isa = PBXBuildFile; fileRef = 0A0CB3E91554A2F1009D5924 /* ICNowPlayingView.m */; };
		0A0CB3ED1554A30C009D5924 /* ICTableView.m in Sources */ = {isa = PBXBuildFile; fileRef = 0A0CB3EC1554A30C009D5924 /* ICTableView.m */; };
		0A0CB3F21554A573009D5924 /* MPMediaItem+InformationAccessors.m in Sources */ = {isa = PBXBuildFile; fileRef = 0A0CB3F11554A573009D5924 /* MPMediaItem+InformationAccessors.m */; };
		0A0CB4011554D8DF009D5924 /* ICNowPlayingViewController.m in Sources */ = {isa = PBXBuildFile; fileRef = 0A0CB4001554D8DE009D5924 /* ICNowPlayingViewController.m */; };
		0A0CB4051554ECE4009D5924 /* ICNavigationController.m in Sources */ = {isa = PBXBuildFile; fileRef = 0A0CB4041554ECE4009D5924 /* ICNavigationController.m */; };
		0A0CB40C15559B5D009D5924 /* ICPlaylistsTableViewController.m in Sources */ = {isa = PBXBuildFile; fileRef = 0A0CB40B15559B5C009D5924 /* ICPlaylistsTableViewController.m */; };
		0A0CB40F15559B78009D5924 /* ICArtistsTableViewController.m in Sources */ = {isa = PBXBuildFile; fileRef = 0A0CB40E15559B77009D5924 /* ICArtistsTableViewController.m */; };
		0A0CB412155741B7009D5924 /* ICMainTableViewController.m in Sources */ = {isa = PBXBuildFile; fileRef = 0A0CB411155741B7009D5924 /* ICMainTableViewController.m */; };
		0A5C62D51552085C00E48AAA /* ICSongsTableViewController.m in Sources */ = {isa = PBXBuildFile; fileRef = 0A5C62D41552085C00E48AAA /* ICSongsTableViewController.m */; };
		0A5C62D915526B0900E48AAA /* ICWheelGestureRecognizer.m in Sources */ = {isa = PBXBuildFile; fileRef = 0A5C62D815526B0900E48AAA /* ICWheelGestureRecognizer.m */; };
		0A9154CC154F544500513C69 /* UIKit.framework in Frameworks */ = {isa = PBXBuildFile; fileRef = 0A9154CB154F544500513C69 /* UIKit.framework */; };
		0A9154CE154F544500513C69 /* Foundation.framework in Frameworks */ = {isa = PBXBuildFile; fileRef = 0A9154CD154F544500513C69 /* Foundation.framework */; };
		0A9154D0154F544500513C69 /* CoreGraphics.framework in Frameworks */ = {isa = PBXBuildFile; fileRef = 0A9154CF154F544500513C69 /* CoreGraphics.framework */; };
		0A9154D6154F544500513C69 /* InfoPlist.strings in Resources */ = {isa = PBXBuildFile; fileRef = 0A9154D4154F544500513C69 /* InfoPlist.strings */; };
		0A9154D8154F544500513C69 /* main.m in Sources */ = {isa = PBXBuildFile; fileRef = 0A9154D7154F544500513C69 /* main.m */; };
		0A9154DC154F544500513C69 /* ICAppDelegate.m in Sources */ = {isa = PBXBuildFile; fileRef = 0A9154DB154F544500513C69 /* ICAppDelegate.m */; };
		0A9154DF154F544500513C69 /* MainStoryboard.storyboard in Resources */ = {isa = PBXBuildFile; fileRef = 0A9154DD154F544500513C69 /* MainStoryboard.storyboard */; };
		0A9154E2154F544500513C69 /* ICIPodViewController.m in Sources */ = {isa = PBXBuildFile; fileRef = 0A9154E1154F544500513C69 /* ICIPodViewController.m */; };
		0A9154EE154F54B000513C69 /* Glare Transparency Layer.png in Resources */ = {isa = PBXBuildFile; fileRef = 0A9154E9154F54B000513C69 /* Glare Transparency Layer.png */; };
		0A9154EF154F54B000513C69 /* iPod Body Alternative.png in Resources */ = {isa = PBXBuildFile; fileRef = 0A9154EA154F54B000513C69 /* iPod Body Alternative.png */; };
		0A9154F0154F54B000513C69 /* iPod_Body.png in Resources */ = {isa = PBXBuildFile; fileRef = 0A9154EB154F54B000513C69 /* iPod_Body.png */; };
		0A9154F1154F54B000513C69 /* iPod Body.png in Resources */ = {isa = PBXBuildFile; fileRef = 0A9154EC154F54B000513C69 /* iPod Body.png */; };
		0A9154F2154F54B000513C69 /* Scroll Wheel.png in Resources */ = {isa = PBXBuildFile; fileRef = 0A9154ED154F54B000513C69 /* Scroll Wheel.png */; };
		0A9154F8154F55F000513C69 /* ICScrollWheelView.m in Sources */ = {isa = PBXBuildFile; fileRef = 0A9154F7154F55F000513C69 /* ICScrollWheelView.m */; };
		0A9154FB154F567C00513C69 /* ICTableViewController.m in Sources */ = {isa = PBXBuildFile; fileRef = 0A9154FA154F567C00513C69 /* ICTableViewController.m */; };
		0A9154FE154F71A400513C69 /* MediaPlayer.framework in Frameworks */ = {isa = PBXBuildFile; fileRef = 0A9154FD154F71A400513C69 /* MediaPlayer.framework */; };
		0A915501154F720900513C69 /* ICMediaTableViewController.m in Sources */ = {isa = PBXBuildFile; fileRef = 0A915500154F720900513C69 /* ICMediaTableViewController.m */; };
		9A06E52D155998F100DFC6AD /* ICNowPlayingProgressView.m in Sources */ = {isa = PBXBuildFile; fileRef = 9A06E52C155998F100DFC6AD /* ICNowPlayingProgressView.m */; };
		9A360F0C155876AB00D95CFC /* DiamondPositionTracker.png in Resources */ = {isa = PBXBuildFile; fileRef = 9A360F09155876AB00D95CFC /* DiamondPositionTracker.png */; };
		9A360F0D155876AB00D95CFC /* PlaybarEmpty.png in Resources */ = {isa = PBXBuildFile; fileRef = 9A360F0A155876AB00D95CFC /* PlaybarEmpty.png */; };
		9A360F0E155876AB00D95CFC /* Playing Now.png in Resources */ = {isa = PBXBuildFile; fileRef = 9A360F0B155876AB00D95CFC /* Playing Now.png */; };
		9A983ED0155EED3600014BAD /* MPMediaPlayerExtraData.m in Sources */ = {isa = PBXBuildFile; fileRef = 9A983ECF155EED3500014BAD /* MPMediaPlayerExtraData.m */; };
		ECE31CF1154F941000896711 /* Icon_iPhone_4.png in Resources */ = {isa = PBXBuildFile; fileRef = ECE31CF0154F941000896711 /* Icon_iPhone_4.png */; };
/* End PBXBuildFile section */

/* Begin PBXFileReference section */
		0A0A9018156387F1005E804D /* scroll-wheel.png */ = {isa = PBXFileReference; lastKnownFileType = image.png; path = "scroll-wheel.png"; sourceTree = "<group>"; };
		0A0A901A1563880E005E804D /* ipod-body.png */ = {isa = PBXFileReference; lastKnownFileType = image.png; path = "ipod-body.png"; sourceTree = "<group>"; };
		0A0CB3A7155298C8009D5924 /* Colors.h */ = {isa = PBXFileReference; lastKnownFileType = sourcecode.c.h; path = Colors.h; sourceTree = "<group>"; };
		0A0CB3E81554A2F1009D5924 /* ICNowPlayingView.h */ = {isa = PBXFileReference; fileEncoding = 4; lastKnownFileType = sourcecode.c.h; path = ICNowPlayingView.h; sourceTree = "<group>"; };
		0A0CB3E91554A2F1009D5924 /* ICNowPlayingView.m */ = {isa = PBXFileReference; fileEncoding = 4; lastKnownFileType = sourcecode.c.objc; path = ICNowPlayingView.m; sourceTree = "<group>"; };
		0A0CB3EB1554A30C009D5924 /* ICTableView.h */ = {isa = PBXFileReference; fileEncoding = 4; lastKnownFileType = sourcecode.c.h; path = ICTableView.h; sourceTree = "<group>"; };
		0A0CB3EC1554A30C009D5924 /* ICTableView.m */ = {isa = PBXFileReference; fileEncoding = 4; lastKnownFileType = sourcecode.c.objc; path = ICTableView.m; sourceTree = "<group>"; };
		0A0CB3F01554A573009D5924 /* MPMediaItem+InformationAccessors.h */ = {isa = PBXFileReference; fileEncoding = 4; lastKnownFileType = sourcecode.c.h; path = "MPMediaItem+InformationAccessors.h"; sourceTree = "<group>"; };
		0A0CB3F11554A573009D5924 /* MPMediaItem+InformationAccessors.m */ = {isa = PBXFileReference; fileEncoding = 4; lastKnownFileType = sourcecode.c.objc; path = "MPMediaItem+InformationAccessors.m"; sourceTree = "<group>"; };
		0A0CB3FF1554D8DE009D5924 /* ICNowPlayingViewController.h */ = {isa = PBXFileReference; fileEncoding = 4; lastKnownFileType = sourcecode.c.h; path = ICNowPlayingViewController.h; sourceTree = "<group>"; };
		0A0CB4001554D8DE009D5924 /* ICNowPlayingViewController.m */ = {isa = PBXFileReference; fileEncoding = 4; lastKnownFileType = sourcecode.c.objc; path = ICNowPlayingViewController.m; sourceTree = "<group>"; };
		0A0CB4031554ECE4009D5924 /* ICNavigationController.h */ = {isa = PBXFileReference; fileEncoding = 4; lastKnownFileType = sourcecode.c.h; path = ICNavigationController.h; sourceTree = "<group>"; };
		0A0CB4041554ECE4009D5924 /* ICNavigationController.m */ = {isa = PBXFileReference; fileEncoding = 4; lastKnownFileType = sourcecode.c.objc; path = ICNavigationController.m; sourceTree = "<group>"; };
		0A0CB4091554EFFC009D5924 /* ScreenViewController.h */ = {isa = PBXFileReference; lastKnownFileType = sourcecode.c.h; path = ScreenViewController.h; sourceTree = "<group>"; };
		0A0CB40A15559B5B009D5924 /* ICPlaylistsTableViewController.h */ = {isa = PBXFileReference; fileEncoding = 4; lastKnownFileType = sourcecode.c.h; path = ICPlaylistsTableViewController.h; sourceTree = "<group>"; };
		0A0CB40B15559B5C009D5924 /* ICPlaylistsTableViewController.m */ = {isa = PBXFileReference; fileEncoding = 4; lastKnownFileType = sourcecode.c.objc; path = ICPlaylistsTableViewController.m; sourceTree = "<group>"; };
		0A0CB40D15559B77009D5924 /* ICArtistsTableViewController.h */ = {isa = PBXFileReference; fileEncoding = 4; lastKnownFileType = sourcecode.c.h; path = ICArtistsTableViewController.h; sourceTree = "<group>"; };
		0A0CB40E15559B77009D5924 /* ICArtistsTableViewController.m */ = {isa = PBXFileReference; fileEncoding = 4; lastKnownFileType = sourcecode.c.objc; path = ICArtistsTableViewController.m; sourceTree = "<group>"; };
		0A0CB410155741B6009D5924 /* ICMainTableViewController.h */ = {isa = PBXFileReference; fileEncoding = 4; lastKnownFileType = sourcecode.c.h; name = ICMainTableViewController.h; path = ../ICMainTableViewController.h; sourceTree = "<group>"; };
		0A0CB411155741B7009D5924 /* ICMainTableViewController.m */ = {isa = PBXFileReference; fileEncoding = 4; lastKnownFileType = sourcecode.c.objc; name = ICMainTableViewController.m; path = ../ICMainTableViewController.m; sourceTree = "<group>"; };
		0A5C62D31552085C00E48AAA /* ICSongsTableViewController.h */ = {isa = PBXFileReference; fileEncoding = 4; lastKnownFileType = sourcecode.c.h; path = ICSongsTableViewController.h; sourceTree = "<group>"; };
		0A5C62D41552085C00E48AAA /* ICSongsTableViewController.m */ = {isa = PBXFileReference; fileEncoding = 4; lastKnownFileType = sourcecode.c.objc; path = ICSongsTableViewController.m; sourceTree = "<group>"; };
		0A5C62D715526B0900E48AAA /* ICWheelGestureRecognizer.h */ = {isa = PBXFileReference; fileEncoding = 4; lastKnownFileType = sourcecode.c.h; path = ICWheelGestureRecognizer.h; sourceTree = "<group>"; };
		0A5C62D815526B0900E48AAA /* ICWheelGestureRecognizer.m */ = {isa = PBXFileReference; fileEncoding = 4; lastKnownFileType = sourcecode.c.objc; path = ICWheelGestureRecognizer.m; sourceTree = "<group>"; };
		0A9154C7154F544500513C69 /* Retro Music.app */ = {isa = PBXFileReference; explicitFileType = wrapper.application; includeInIndex = 0; path = "Retro Music.app"; sourceTree = BUILT_PRODUCTS_DIR; };
		0A9154CB154F544500513C69 /* UIKit.framework */ = {isa = PBXFileReference; lastKnownFileType = wrapper.framework; name = UIKit.framework; path = System/Library/Frameworks/UIKit.framework; sourceTree = SDKROOT; };
		0A9154CD154F544500513C69 /* Foundation.framework */ = {isa = PBXFileReference; lastKnownFileType = wrapper.framework; name = Foundation.framework; path = System/Library/Frameworks/Foundation.framework; sourceTree = SDKROOT; };
		0A9154CF154F544500513C69 /* CoreGraphics.framework */ = {isa = PBXFileReference; lastKnownFileType = wrapper.framework; name = CoreGraphics.framework; path = System/Library/Frameworks/CoreGraphics.framework; sourceTree = SDKROOT; };
		0A9154D3154F544500513C69 /* iPod Classic-Info.plist */ = {isa = PBXFileReference; lastKnownFileType = text.plist.xml; path = "iPod Classic-Info.plist"; sourceTree = "<group>"; };
		0A9154D5154F544500513C69 /* en */ = {isa = PBXFileReference; lastKnownFileType = text.plist.strings; name = en; path = en.lproj/InfoPlist.strings; sourceTree = "<group>"; };
		0A9154D7154F544500513C69 /* main.m */ = {isa = PBXFileReference; lastKnownFileType = sourcecode.c.objc; path = main.m; sourceTree = "<group>"; };
		0A9154D9154F544500513C69 /* iPod Classic-Prefix.pch */ = {isa = PBXFileReference; lastKnownFileType = sourcecode.c.h; path = "iPod Classic-Prefix.pch"; sourceTree = "<group>"; };
		0A9154DA154F544500513C69 /* ICAppDelegate.h */ = {isa = PBXFileReference; lastKnownFileType = sourcecode.c.h; path = ICAppDelegate.h; sourceTree = "<group>"; };
		0A9154DB154F544500513C69 /* ICAppDelegate.m */ = {isa = PBXFileReference; lastKnownFileType = sourcecode.c.objc; path = ICAppDelegate.m; sourceTree = "<group>"; };
		0A9154DE154F544500513C69 /* en */ = {isa = PBXFileReference; lastKnownFileType = file.storyboard; name = en; path = en.lproj/MainStoryboard.storyboard; sourceTree = "<group>"; };
		0A9154E0154F544500513C69 /* ICIPodViewController.h */ = {isa = PBXFileReference; lastKnownFileType = sourcecode.c.h; path = ICIPodViewController.h; sourceTree = "<group>"; };
		0A9154E1154F544500513C69 /* ICIPodViewController.m */ = {isa = PBXFileReference; lastKnownFileType = sourcecode.c.objc; path = ICIPodViewController.m; sourceTree = "<group>"; };
		0A9154E9154F54B000513C69 /* Glare Transparency Layer.png */ = {isa = PBXFileReference; lastKnownFileType = image.png; path = "Glare Transparency Layer.png"; sourceTree = "<group>"; };
		0A9154EA154F54B000513C69 /* iPod Body Alternative.png */ = {isa = PBXFileReference; lastKnownFileType = image.png; path = "iPod Body Alternative.png"; sourceTree = "<group>"; };
		0A9154EB154F54B000513C69 /* iPod_Body.png */ = {isa = PBXFileReference; lastKnownFileType = image.png; path = iPod_Body.png; sourceTree = "<group>"; };
		0A9154EC154F54B000513C69 /* iPod Body.png */ = {isa = PBXFileReference; lastKnownFileType = image.png; path = "iPod Body.png"; sourceTree = "<group>"; };
		0A9154ED154F54B000513C69 /* Scroll Wheel.png */ = {isa = PBXFileReference; lastKnownFileType = image.png; path = "Scroll Wheel.png"; sourceTree = "<group>"; };
		0A9154F6154F55F000513C69 /* ICScrollWheelView.h */ = {isa = PBXFileReference; fileEncoding = 4; lastKnownFileType = sourcecode.c.h; path = ICScrollWheelView.h; sourceTree = "<group>"; };
		0A9154F7154F55F000513C69 /* ICScrollWheelView.m */ = {isa = PBXFileReference; fileEncoding = 4; lastKnownFileType = sourcecode.c.objc; path = ICScrollWheelView.m; sourceTree = "<group>"; };
		0A9154F9154F567C00513C69 /* ICTableViewController.h */ = {isa = PBXFileReference; fileEncoding = 4; lastKnownFileType = sourcecode.c.h; path = ICTableViewController.h; sourceTree = "<group>"; };
		0A9154FA154F567C00513C69 /* ICTableViewController.m */ = {isa = PBXFileReference; fileEncoding = 4; lastKnownFileType = sourcecode.c.objc; path = ICTableViewController.m; sourceTree = "<group>"; };
		0A9154FD154F71A400513C69 /* MediaPlayer.framework */ = {isa = PBXFileReference; lastKnownFileType = wrapper.framework; name = MediaPlayer.framework; path = System/Library/Frameworks/MediaPlayer.framework; sourceTree = SDKROOT; };
		0A9154FF154F720900513C69 /* ICMediaTableViewController.h */ = {isa = PBXFileReference; fileEncoding = 4; lastKnownFileType = sourcecode.c.h; path = ICMediaTableViewController.h; sourceTree = "<group>"; };
		0A915500154F720900513C69 /* ICMediaTableViewController.m */ = {isa = PBXFileReference; fileEncoding = 4; lastKnownFileType = sourcecode.c.objc; path = ICMediaTableViewController.m; sourceTree = "<group>"; };
		9A06E52B155998F100DFC6AD /* ICNowPlayingProgressView.h */ = {isa = PBXFileReference; fileEncoding = 4; lastKnownFileType = sourcecode.c.h; path = ICNowPlayingProgressView.h; sourceTree = "<group>"; };
		9A06E52C155998F100DFC6AD /* ICNowPlayingProgressView.m */ = {isa = PBXFileReference; fileEncoding = 4; lastKnownFileType = sourcecode.c.objc; path = ICNowPlayingProgressView.m; sourceTree = "<group>"; };
		9A360F09155876AB00D95CFC /* DiamondPositionTracker.png */ = {isa = PBXFileReference; lastKnownFileType = image.png; path = DiamondPositionTracker.png; sourceTree = "<group>"; };
		9A360F0A155876AB00D95CFC /* PlaybarEmpty.png */ = {isa = PBXFileReference; lastKnownFileType = image.png; path = PlaybarEmpty.png; sourceTree = "<group>"; };
		9A360F0B155876AB00D95CFC /* Playing Now.png */ = {isa = PBXFileReference; lastKnownFileType = image.png; path = "Playing Now.png"; sourceTree = "<group>"; };
		9A983ECE155EED3500014BAD /* MPMediaPlayerExtraData.h */ = {isa = PBXFileReference; fileEncoding = 4; lastKnownFileType = sourcecode.c.h; path = MPMediaPlayerExtraData.h; sourceTree = "<group>"; };
		9A983ECF155EED3500014BAD /* MPMediaPlayerExtraData.m */ = {isa = PBXFileReference; fileEncoding = 4; lastKnownFileType = sourcecode.c.objc; path = MPMediaPlayerExtraData.m; sourceTree = "<group>"; };
		9AE8C35B155916FE00602F07 /* AVFoundation.framework */ = {isa = PBXFileReference; lastKnownFileType = wrapper.framework; name = AVFoundation.framework; path = System/Library/Frameworks/AVFoundation.framework; sourceTree = SDKROOT; };
		9AE8C35E155918AE00602F07 /* CoreMedia.framework */ = {isa = PBXFileReference; lastKnownFileType = wrapper.framework; name = CoreMedia.framework; path = System/Library/Frameworks/CoreMedia.framework; sourceTree = SDKROOT; };
		ECE31CF0154F941000896711 /* Icon_iPhone_4.png */ = {isa = PBXFileReference; lastKnownFileType = image.png; name = Icon_iPhone_4.png; path = ../Icon_iPhone_4.png; sourceTree = "<group>"; };
/* End PBXFileReference section */

/* Begin PBXFrameworksBuildPhase section */
		0A9154C4154F544500513C69 /* Frameworks */ = {
			isa = PBXFrameworksBuildPhase;
			buildActionMask = 2147483647;
			files = (
				0A9154FE154F71A400513C69 /* MediaPlayer.framework in Frameworks */,
				0A9154CC154F544500513C69 /* UIKit.framework in Frameworks */,
				0A9154CE154F544500513C69 /* Foundation.framework in Frameworks */,
				0A9154D0154F544500513C69 /* CoreGraphics.framework in Frameworks */,
			);
			runOnlyForDeploymentPostprocessing = 0;
		};
/* End PBXFrameworksBuildPhase section */

/* Begin PBXGroup section */
		0A0A900E1563876C005E804D /* iClassic Main UI Images */ = {
			isa = PBXGroup;
			children = (
				0A9154EB154F54B000513C69 /* iPod_Body.png */,
				0A9154E9154F54B000513C69 /* Glare Transparency Layer.png */,
				0A9154EA154F54B000513C69 /* iPod Body Alternative.png */,
				0A9154EC154F54B000513C69 /* iPod Body.png */,
				0A9154ED154F54B000513C69 /* Scroll Wheel.png */,
			);
			name = "iClassic Main UI Images";
			sourceTree = "<group>";
		};
		0A0A900F15638787005E804D /* Trojan Horse */ = {
			isa = PBXGroup;
			children = (
				0A0A901A1563880E005E804D /* ipod-body.png */,
				0A0A9018156387F1005E804D /* scroll-wheel.png */,
			);
			path = "Trojan Horse";
			sourceTree = "<group>";
		};
		0A0CB3EE1554A31F009D5924 /* Views */ = {
			isa = PBXGroup;
			children = (
				0A9154F6154F55F000513C69 /* ICScrollWheelView.h */,
				0A9154F7154F55F000513C69 /* ICScrollWheelView.m */,
				9A06E52B155998F100DFC6AD /* ICNowPlayingProgressView.h */,
				9A06E52C155998F100DFC6AD /* ICNowPlayingProgressView.m */,
				0A0CB3EB1554A30C009D5924 /* ICTableView.h */,
				0A0CB3EC1554A30C009D5924 /* ICTableView.m */,
				0A0CB3E81554A2F1009D5924 /* ICNowPlayingView.h */,
				0A0CB3E91554A2F1009D5924 /* ICNowPlayingView.m */,
			);
			name = Views;
			sourceTree = "<group>";
		};
		0A0CB3EF1554A32A009D5924 /* Controllers */ = {
			isa = PBXGroup;
			children = (
				0A9154E0154F544500513C69 /* ICIPodViewController.h */,
				0A9154E1154F544500513C69 /* ICIPodViewController.m */,
				0A0CB4091554EFFC009D5924 /* ScreenViewController.h */,
				0A0CB4031554ECE4009D5924 /* ICNavigationController.h */,
				0A0CB4041554ECE4009D5924 /* ICNavigationController.m */,
				0A9154F9154F567C00513C69 /* ICTableViewController.h */,
				0A9154FA154F567C00513C69 /* ICTableViewController.m */,
				0A0CB410155741B6009D5924 /* ICMainTableViewController.h */,
				0A0CB411155741B7009D5924 /* ICMainTableViewController.m */,
				0A0CB40A15559B5B009D5924 /* ICPlaylistsTableViewController.h */,
				0A0CB40B15559B5C009D5924 /* ICPlaylistsTableViewController.m */,
				0A0CB40D15559B77009D5924 /* ICArtistsTableViewController.h */,
				0A0CB40E15559B77009D5924 /* ICArtistsTableViewController.m */,
				0A5C62D31552085C00E48AAA /* ICSongsTableViewController.h */,
				0A5C62D41552085C00E48AAA /* ICSongsTableViewController.m */,
				0A0CB3FF1554D8DE009D5924 /* ICNowPlayingViewController.h */,
				0A0CB4001554D8DE009D5924 /* ICNowPlayingViewController.m */,
			);
			name = Controllers;
			sourceTree = "<group>";
		};
		0A9154BC154F544500513C69 = {
			isa = PBXGroup;
			children = (
				0A9154D1154F544500513C69 /* iPod Classic */,
				0A9154CA154F544500513C69 /* Frameworks */,
				0A9154C8154F544500513C69 /* Products */,
			);
			sourceTree = "<group>";
		};
		0A9154C8154F544500513C69 /* Products */ = {
			isa = PBXGroup;
			children = (
				0A9154C7154F544500513C69 /* Retro Music.app */,
			);
			name = Products;
			sourceTree = "<group>";
		};
		0A9154CA154F544500513C69 /* Frameworks */ = {
			isa = PBXGroup;
			children = (
				9AE8C35E155918AE00602F07 /* CoreMedia.framework */,
				9AE8C35B155916FE00602F07 /* AVFoundation.framework */,
				0A9154CB154F544500513C69 /* UIKit.framework */,
				0A9154CD154F544500513C69 /* Foundation.framework */,
				0A9154CF154F544500513C69 /* CoreGraphics.framework */,
				0A9154FD154F71A400513C69 /* MediaPlayer.framework */,
			);
			name = Frameworks;
			sourceTree = "<group>";
		};
		0A9154D1154F544500513C69 /* iPod Classic */ = {
			isa = PBXGroup;
			children = (
				0A0CB3A7155298C8009D5924 /* Colors.h */,
				0A9154F5154F54D600513C69 /* Classes */,
				0A9154E8154F54B000513C69 /* Image */,
				0A9154D2154F544500513C69 /* Supporting Files */,
			);
			path = "iPod Classic";
			sourceTree = "<group>";
		};
		0A9154D2154F544500513C69 /* Supporting Files */ = {
			isa = PBXGroup;
			children = (
				0A9154FF154F720900513C69 /* ICMediaTableViewController.h */,
				0A915500154F720900513C69 /* ICMediaTableViewController.m */,
				0A9154D3154F544500513C69 /* iPod Classic-Info.plist */,
				0A9154D4154F544500513C69 /* InfoPlist.strings */,
				0A9154D7154F544500513C69 /* main.m */,
				0A9154D9154F544500513C69 /* iPod Classic-Prefix.pch */,
			);
			name = "Supporting Files";
			sourceTree = "<group>";
		};
		0A9154E8154F54B000513C69 /* Image */ = {
			isa = PBXGroup;
			children = (
				0A0A900F15638787005E804D /* Trojan Horse */,
				ECE31CEF154F93DF00896711 /* icons */,
				9A360F08155876AB00D95CFC /* Play Now Elements */,
				0A0A900E1563876C005E804D /* iClassic Main UI Images */,
			);
			name = Image;
			path = "iPod iPhone PNGs";
			sourceTree = "<group>";
		};
		0A9154F5154F54D600513C69 /* Classes */ = {
			isa = PBXGroup;
			children = (
				9A983ECE155EED3500014BAD /* MPMediaPlayerExtraData.h */,
				9A983ECF155EED3500014BAD /* MPMediaPlayerExtraData.m */,
				0A9154DA154F544500513C69 /* ICAppDelegate.h */,
				0A9154DB154F544500513C69 /* ICAppDelegate.m */,
				0A9154DD154F544500513C69 /* MainStoryboard.storyboard */,
				0A0CB3EF1554A32A009D5924 /* Controllers */,
				0A0CB3EE1554A31F009D5924 /* Views */,
				0A0CB3F01554A573009D5924 /* MPMediaItem+InformationAccessors.h */,
				0A0CB3F11554A573009D5924 /* MPMediaItem+InformationAccessors.m */,
				0A5C62D715526B0900E48AAA /* ICWheelGestureRecognizer.h */,
				0A5C62D815526B0900E48AAA /* ICWheelGestureRecognizer.m */,
			);
			name = Classes;
			sourceTree = "<group>";
		};
		9A360F08155876AB00D95CFC /* Play Now Elements */ = {
			isa = PBXGroup;
			children = (
				9A360F09155876AB00D95CFC /* DiamondPositionTracker.png */,
				9A360F0A155876AB00D95CFC /* PlaybarEmpty.png */,
				9A360F0B155876AB00D95CFC /* Playing Now.png */,
			);
			path = "Play Now Elements";
			sourceTree = "<group>";
		};
		ECE31CEF154F93DF00896711 /* icons */ = {
			isa = PBXGroup;
			children = (
				ECE31CF0154F941000896711 /* Icon_iPhone_4.png */,
			);
			name = icons;
			path = ..;
			sourceTree = "<group>";
		};
/* End PBXGroup section */

/* Begin PBXNativeTarget section */
		0A9154C6154F544500513C69 /* Retro Music */ = {
			isa = PBXNativeTarget;
			buildConfigurationList = 0A9154E5154F544500513C69 /* Build configuration list for PBXNativeTarget "Retro Music" */;
			buildPhases = (
				0A9154C3154F544500513C69 /* Sources */,
				0A9154C4154F544500513C69 /* Frameworks */,
				0A9154C5154F544500513C69 /* Resources */,
			);
			buildRules = (
			);
			dependencies = (
			);
			name = "Retro Music";
			productName = "iPod Classic";
			productReference = 0A9154C7154F544500513C69 /* Retro Music.app */;
			productType = "com.apple.product-type.application";
		};
/* End PBXNativeTarget section */

/* Begin PBXProject section */
		0A9154BE154F544500513C69 /* Project object */ = {
			isa = PBXProject;
			attributes = {
				CLASSPREFIX = IC;
				LastUpgradeCheck = 0430;
				ORGANIZATIONNAME = "Stanford University";
			};
			buildConfigurationList = 0A9154C1154F544500513C69 /* Build configuration list for PBXProject "iPod Classic" */;
			compatibilityVersion = "Xcode 3.2";
			developmentRegion = English;
			hasScannedForEncodings = 0;
			knownRegions = (
				en,
			);
			mainGroup = 0A9154BC154F544500513C69;
			productRefGroup = 0A9154C8154F544500513C69 /* Products */;
			projectDirPath = "";
			projectRoot = "";
			targets = (
				0A9154C6154F544500513C69 /* Retro Music */,
			);
		};
/* End PBXProject section */

/* Begin PBXResourcesBuildPhase section */
		0A9154C5154F544500513C69 /* Resources */ = {
			isa = PBXResourcesBuildPhase;
			buildActionMask = 2147483647;
			files = (
				0A9154D6154F544500513C69 /* InfoPlist.strings in Resources */,
				0A9154DF154F544500513C69 /* MainStoryboard.storyboard in Resources */,
				0A9154EE154F54B000513C69 /* Glare Transparency Layer.png in Resources */,
				0A9154EF154F54B000513C69 /* iPod Body Alternative.png in Resources */,
				0A9154F0154F54B000513C69 /* iPod_Body.png in Resources */,
				0A9154F1154F54B000513C69 /* iPod Body.png in Resources */,
				0A9154F2154F54B000513C69 /* Scroll Wheel.png in Resources */,
				ECE31CF1154F941000896711 /* Icon_iPhone_4.png in Resources */,
				9A360F0C155876AB00D95CFC /* DiamondPositionTracker.png in Resources */,
				9A360F0D155876AB00D95CFC /* PlaybarEmpty.png in Resources */,
				9A360F0E155876AB00D95CFC /* Playing Now.png in Resources */,
				0A0A9019156387F1005E804D /* scroll-wheel.png in Resources */,
				0A0A901B1563880E005E804D /* ipod-body.png in Resources */,
			);
			runOnlyForDeploymentPostprocessing = 0;
		};
/* End PBXResourcesBuildPhase section */

/* Begin PBXSourcesBuildPhase section */
		0A9154C3154F544500513C69 /* Sources */ = {
			isa = PBXSourcesBuildPhase;
			buildActionMask = 2147483647;
			files = (
				0A9154D8154F544500513C69 /* main.m in Sources */,
				0A9154DC154F544500513C69 /* ICAppDelegate.m in Sources */,
				0A9154E2154F544500513C69 /* ICIPodViewController.m in Sources */,
				0A9154F8154F55F000513C69 /* ICScrollWheelView.m in Sources */,
				0A9154FB154F567C00513C69 /* ICTableViewController.m in Sources */,
				0A915501154F720900513C69 /* ICMediaTableViewController.m in Sources */,
				0A5C62D51552085C00E48AAA /* ICSongsTableViewController.m in Sources */,
				0A5C62D915526B0900E48AAA /* ICWheelGestureRecognizer.m in Sources */,
				0A0CB3EA1554A2F2009D5924 /* ICNowPlayingView.m in Sources */,
				0A0CB3ED1554A30C009D5924 /* ICTableView.m in Sources */,
				0A0CB3F21554A573009D5924 /* MPMediaItem+InformationAccessors.m in Sources */,
				0A0CB4011554D8DF009D5924 /* ICNowPlayingViewController.m in Sources */,
				0A0CB4051554ECE4009D5924 /* ICNavigationController.m in Sources */,
				0A0CB40C15559B5D009D5924 /* ICPlaylistsTableViewController.m in Sources */,
				0A0CB40F15559B78009D5924 /* ICArtistsTableViewController.m in Sources */,
				0A0CB412155741B7009D5924 /* ICMainTableViewController.m in Sources */,
				9A06E52D155998F100DFC6AD /* ICNowPlayingProgressView.m in Sources */,
				9A983ED0155EED3600014BAD /* MPMediaPlayerExtraData.m in Sources */,
			);
			runOnlyForDeploymentPostprocessing = 0;
		};
/* End PBXSourcesBuildPhase section */

/* Begin PBXVariantGroup section */
		0A9154D4154F544500513C69 /* InfoPlist.strings */ = {
			isa = PBXVariantGroup;
			children = (
				0A9154D5154F544500513C69 /* en */,
			);
			name = InfoPlist.strings;
			sourceTree = "<group>";
		};
		0A9154DD154F544500513C69 /* MainStoryboard.storyboard */ = {
			isa = PBXVariantGroup;
			children = (
				0A9154DE154F544500513C69 /* en */,
			);
			name = MainStoryboard.storyboard;
			sourceTree = "<group>";
		};
/* End PBXVariantGroup section */

/* Begin XCBuildConfiguration section */
		0A9154E3154F544500513C69 /* Debug */ = {
			isa = XCBuildConfiguration;
			buildSettings = {
				ALWAYS_SEARCH_USER_PATHS = NO;
				ARCHS = "$(ARCHS_STANDARD_32_BIT)";
				"CODE_SIGN_IDENTITY[sdk=iphoneos*]" = "iPhone Developer";
				COPY_PHASE_STRIP = NO;
				GCC_C_LANGUAGE_STANDARD = gnu99;
				GCC_DYNAMIC_NO_PIC = NO;
				GCC_OPTIMIZATION_LEVEL = 0;
				GCC_PREPROCESSOR_DEFINITIONS = (
					"DEBUG=1",
					"$(inherited)",
				);
				GCC_SYMBOLS_PRIVATE_EXTERN = NO;
				GCC_VERSION = com.apple.compilers.llvm.clang.1_0;
				GCC_WARN_ABOUT_RETURN_TYPE = YES;
				GCC_WARN_UNINITIALIZED_AUTOS = YES;
				GCC_WARN_UNUSED_VARIABLE = YES;
				IPHONEOS_DEPLOYMENT_TARGET = 5.0;
				SDKROOT = iphoneos;
			};
			name = Debug;
		};
		0A9154E4154F544500513C69 /* Release */ = {
			isa = XCBuildConfiguration;
			buildSettings = {
				ALWAYS_SEARCH_USER_PATHS = NO;
				ARCHS = "$(ARCHS_STANDARD_32_BIT)";
				"CODE_SIGN_IDENTITY[sdk=iphoneos*]" = "iPhone Developer";
				COPY_PHASE_STRIP = YES;
				GCC_C_LANGUAGE_STANDARD = gnu99;
				GCC_VERSION = com.apple.compilers.llvm.clang.1_0;
				GCC_WARN_ABOUT_RETURN_TYPE = YES;
				GCC_WARN_UNINITIALIZED_AUTOS = YES;
				GCC_WARN_UNUSED_VARIABLE = YES;
				IPHONEOS_DEPLOYMENT_TARGET = 5.0;
				OTHER_CFLAGS = "-DNS_BLOCK_ASSERTIONS=1";
				SDKROOT = iphoneos;
				VALIDATE_PRODUCT = YES;
			};
			name = Release;
		};
		0A9154E6154F544500513C69 /* Debug */ = {
			isa = XCBuildConfiguration;
			buildSettings = {
				GCC_PRECOMPILE_PREFIX_HEADER = YES;
				GCC_PREFIX_HEADER = "iPod Classic/iPod Classic-Prefix.pch";
				INFOPLIST_FILE = "iPod Classic/iPod Classic-Info.plist";
				IPHONEOS_DEPLOYMENT_TARGET = 5.0;
				PRODUCT_NAME = "$(TARGET_NAME)";
				WRAPPER_EXTENSION = app;
			};
			name = Debug;
		};
		0A9154E7154F544500513C69 /* Release */ = {
			isa = XCBuildConfiguration;
			buildSettings = {
				CODE_SIGN_IDENTITY = "iPhone Distribution: Julian Kevin Shutzberg";
				"CODE_SIGN_IDENTITY[sdk=iphoneos*]" = "iPhone Distribution";
				GCC_PRECOMPILE_PREFIX_HEADER = YES;
				GCC_PREFIX_HEADER = "iPod Classic/iPod Classic-Prefix.pch";
				INFOPLIST_FILE = "iPod Classic/iPod Classic-Info.plist";
				IPHONEOS_DEPLOYMENT_TARGET = 5.0;
				PRODUCT_NAME = "$(TARGET_NAME)";
				PROVISIONING_PROFILE = "4FFA12D1-EEF3-49D8-8940-E6AB353932A3";
				"PROVISIONING_PROFILE[sdk=iphoneos*]" = "";
				WRAPPER_EXTENSION = app;
			};
			name = Release;
		};
/* End XCBuildConfiguration section */

/* Begin XCConfigurationList section */
		0A9154C1154F544500513C69 /* Build configuration list for PBXProject "iPod Classic" */ = {
			isa = XCConfigurationList;
			buildConfigurations = (
				0A9154E3154F544500513C69 /* Debug */,
				0A9154E4154F544500513C69 /* Release */,
			);
			defaultConfigurationIsVisible = 0;
			defaultConfigurationName = Release;
		};
		0A9154E5154F544500513C69 /* Build configuration list for PBXNativeTarget "Retro Music" */ = {
			isa = XCConfigurationList;
			buildConfigurations = (
				0A9154E6154F544500513C69 /* Debug */,
				0A9154E7154F544500513C69 /* Release */,
			);
			defaultConfigurationIsVisible = 0;
			defaultConfigurationName = Release;
		};
/* End XCConfigurationList section */
	};
	rootObject = 0A9154BE154F544500513C69 /* Project object */;
}
